
Microsoft Visual Studio Solution File, Format Version 12.00
# Visual Studio Version 17
VisualStudioVersion = 17.7.34031.279
MinimumVisualStudioVersion = 10.0.40219.1
Project("{8BC9CEB8-8B4A-11D0-8D11-00A0C91BC942}") = "PT7.1re", "PT7.1re\PT7.1re.vcxproj", "{3AA9FC22-865B-42EC-9269-C188862A8A21}"
EndProject
Project("{8BC9CEB8-8B4A-11D0-8D11-00A0C91BC942}") = "UnitTest7.1.re", "UnitTest7.1.re\UnitTest7.1.re.vcxproj", "{9C230BD8-61E5-4153-ABFC-10C82440E853}"
EndProject
Global
	GlobalSection(SolutionConfigurationPlatforms) = preSolution
		Debug|x64 = Debug|x64
		Debug|x86 = Debug|x86
		Release|x64 = Release|x64
		Release|x86 = Release|x86
	EndGlobalSection
	GlobalSection(ProjectConfigurationPlatforms) = postSolution
		{3AA9FC22-865B-42EC-9269-C188862A8A21}.Debug|x64.ActiveCfg = Debug|x64
		{3AA9FC22-865B-42EC-9269-C188862A8A21}.Debug|x64.Build.0 = Debug|x64
		{3AA9FC22-865B-42EC-9269-C188862A8A21}.Debug|x86.ActiveCfg = Debug|Win32
		{3AA9FC22-865B-42EC-9269-C188862A8A21}.Debug|x86.Build.0 = Debug|Win32
		{3AA9FC22-865B-42EC-9269-C188862A8A21}.Release|x64.ActiveCfg = Release|x64
		{3AA9FC22-865B-42EC-9269-C188862A8A21}.Release|x64.Build.0 = Release|x64
		{3AA9FC22-865B-42EC-9269-C188862A8A21}.Release|x86.ActiveCfg = Release|Win32
		{3AA9FC22-865B-42EC-9269-C188862A8A21}.Release|x86.Build.0 = Release|Win32
		{9C230BD8-61E5-4153-ABFC-10C82440E853}.Debug|x64.ActiveCfg = Debug|x64
		{9C230BD8-61E5-4153-ABFC-10C82440E853}.Debug|x64.Build.0 = Debug|x64
		{9C230BD8-61E5-4153-ABFC-10C82440E853}.Debug|x86.ActiveCfg = Debug|Win32
		{9C230BD8-61E5-4153-ABFC-10C82440E853}.Debug|x86.Build.0 = Debug|Win32
		{9C230BD8-61E5-4153-ABFC-10C82440E853}.Release|x64.ActiveCfg = Release|x64
		{9C230BD8-61E5-4153-ABFC-10C82440E853}.Release|x64.Build.0 = Release|x64
		{9C230BD8-61E5-4153-ABFC-10C82440E853}.Release|x86.ActiveCfg = Release|Win32
		{9C230BD8-61E5-4153-ABFC-10C82440E853}.Release|x86.Build.0 = Release|Win32
	EndGlobalSection
	GlobalSection(SolutionProperties) = preSolution
		HideSolutionNode = FALSE
	EndGlobalSection
	GlobalSection(ExtensibilityGlobals) = postSolution
		SolutionGuid = {60D7991E-A423-4E7A-84F8-4FFB8F51040E}
	EndGlobalSection
EndGlobal
